
Microsoft Visual Studio Solution File, Format Version 12.00
# Visual Studio Version 17
VisualStudioVersion = 17.11.35219.272
MinimumVisualStudioVersion = 10.0.40219.1
Project("{FAE04EC0-301F-11D3-BF4B-00C04F79EFBC}") = "BlizzardApiWeaponRetriever", "BlizzardApiWeaponRetriever\BlizzardApiWeaponRetriever.csproj", "{048E3DD5-81D4-4B9E-8E58-2D8290B763DB}"
EndProject
Global
	GlobalSection(SolutionConfigurationPlatforms) = preSolution
		Debug|Any CPU = Debug|Any CPU
		Release|Any CPU = Release|Any CPU
	EndGlobalSection
	GlobalSection(ProjectConfigurationPlatforms) = postSolution
		{048E3DD5-81D4-4B9E-8E58-2D8290B763DB}.Debug|Any CPU.ActiveCfg = Debug|Any CPU
		{048E3DD5-81D4-4B9E-8E58-2D8290B763DB}.Debug|Any CPU.Build.0 = Debug|Any CPU
		{048E3DD5-81D4-4B9E-8E58-2D8290B763DB}.Release|Any CPU.ActiveCfg = Release|Any CPU
		{048E3DD5-81D4-4B9E-8E58-2D8290B763DB}.Release|Any CPU.Build.0 = Release|Any CPU
	EndGlobalSection
	GlobalSection(SolutionProperties) = preSolution
		HideSolutionNode = FALSE
	EndGlobalSection
	GlobalSection(ExtensibilityGlobals) = postSolution
		SolutionGuid = {DB4018C3-7EC5-4954-96D9-249F757AE579}
	EndGlobalSection
EndGlobal
